
Microsoft Visual Studio Solution File, Format Version 12.00
# Visual Studio Version 16
VisualStudioVersion = 16.0.30907.101
MinimumVisualStudioVersion = 10.0.40219.1
Project("{FAE04EC0-301F-11D3-BF4B-00C04F79EFBC}") = "WebApplication2", "WebApplication2\WebApplication2.csproj", "{269B0F59-647F-443B-A99F-55842F5E18DD}"
EndProject
Global
	GlobalSection(SolutionConfigurationPlatforms) = preSolution
		Debug|Any CPU = Debug|Any CPU
		Release|Any CPU = Release|Any CPU
	EndGlobalSection
	GlobalSection(ProjectConfigurationPlatforms) = postSolution
		{269B0F59-647F-443B-A99F-55842F5E18DD}.Debug|Any CPU.ActiveCfg = Debug|Any CPU
		{269B0F59-647F-443B-A99F-55842F5E18DD}.Debug|Any CPU.Build.0 = Debug|Any CPU
		{269B0F59-647F-443B-A99F-55842F5E18DD}.Release|Any CPU.ActiveCfg = Release|Any CPU
		{269B0F59-647F-443B-A99F-55842F5E18DD}.Release|Any CPU.Build.0 = Release|Any CPU
	EndGlobalSection
	GlobalSection(SolutionProperties) = preSolution
		HideSolutionNode = FALSE
	EndGlobalSection
	GlobalSection(ExtensibilityGlobals) = postSolution
		SolutionGuid = {3F57BF79-F8E4-4B36-8DC3-E35A2893F313}
	EndGlobalSection
EndGlobal
